// !$*UTF8*$!
{
	archiveVersion = 1;
	classes = {
	};
	objectVersion = 50;
	objects = {

/* Begin PBXBuildFile section */
		26570C0FE25FAB82166F31B5 /* Pods_flixster.framework in Frameworks */ = {isa = PBXBuildFile; fileRef = E7082268BB9F43767B895610 /* Pods_flixster.framework */; };
		3FC46E8E2B086C51684FCE65 /* libPods-flixsterUITests.a in Frameworks */ = {isa = PBXBuildFile; fileRef = C622D3D8983851DCD59B91B7 /* libPods-flixsterUITests.a */; };
		58F318CB251B1E4D00A05FB1 /* AppDelegate.swift in Sources */ = {isa = PBXBuildFile; fileRef = 58F318CA251B1E4D00A05FB1 /* AppDelegate.swift */; };
		58F318CD251B1E4D00A05FB1 /* SceneDelegate.swift in Sources */ = {isa = PBXBuildFile; fileRef = 58F318CC251B1E4D00A05FB1 /* SceneDelegate.swift */; };
		58F318D2251B1E4D00A05FB1 /* Main.storyboard in Resources */ = {isa = PBXBuildFile; fileRef = 58F318D0251B1E4D00A05FB1 /* Main.storyboard */; };
		58F318D4251B1E4F00A05FB1 /* Assets.xcassets in Resources */ = {isa = PBXBuildFile; fileRef = 58F318D3251B1E4F00A05FB1 /* Assets.xcassets */; };
		58F318D7251B1E4F00A05FB1 /* LaunchScreen.storyboard in Resources */ = {isa = PBXBuildFile; fileRef = 58F318D5251B1E4F00A05FB1 /* LaunchScreen.storyboard */; };
		58F318E2251B1E4F00A05FB1 /* flixsterTests.swift in Sources */ = {isa = PBXBuildFile; fileRef = 58F318E1251B1E4F00A05FB1 /* flixsterTests.swift */; };
		58F318ED251B1E4F00A05FB1 /* flixsterUITests.swift in Sources */ = {isa = PBXBuildFile; fileRef = 58F318EC251B1E4F00A05FB1 /* flixsterUITests.swift */; };
		58F318FB251B20EC00A05FB1 /* MovieViewController.swift in Sources */ = {isa = PBXBuildFile; fileRef = 58F318FA251B20EC00A05FB1 /* MovieViewController.swift */; };
		58F318FD251B33A700A05FB1 /* MovieCell.swift in Sources */ = {isa = PBXBuildFile; fileRef = 58F318FC251B33A700A05FB1 /* MovieCell.swift */; };
		78DCC74236A2707E11DB0089 /* libPods-flixsterTests.a in Frameworks */ = {isa = PBXBuildFile; fileRef = 0FB872176C0E0AB3757F184D /* libPods-flixsterTests.a */; };
/* End PBXBuildFile section */

/* Begin PBXContainerItemProxy section */
		58F318DE251B1E4F00A05FB1 /* PBXContainerItemProxy */ = {
			isa = PBXContainerItemProxy;
			containerPortal = 58F318BF251B1E4D00A05FB1 /* Project object */;
			proxyType = 1;
			remoteGlobalIDString = 58F318C6251B1E4D00A05FB1;
			remoteInfo = flixster;
		};
		58F318E9251B1E4F00A05FB1 /* PBXContainerItemProxy */ = {
			isa = PBXContainerItemProxy;
			containerPortal = 58F318BF251B1E4D00A05FB1 /* Project object */;
			proxyType = 1;
			remoteGlobalIDString = 58F318C6251B1E4D00A05FB1;
			remoteInfo = flixster;
		};
/* End PBXContainerItemProxy section */

/* Begin PBXFileReference section */
		0FB872176C0E0AB3757F184D /* libPods-flixsterTests.a */ = {isa = PBXFileReference; explicitFileType = archive.ar; includeInIndex = 0; path = "libPods-flixsterTests.a"; sourceTree = BUILT_PRODUCTS_DIR; };
		189CF0EBD77641F8357AA134 /* Pods-flixster.release.xcconfig */ = {isa = PBXFileReference; includeInIndex = 1; lastKnownFileType = text.xcconfig; name = "Pods-flixster.release.xcconfig"; path = "Target Support Files/Pods-flixster/Pods-flixster.release.xcconfig"; sourceTree = "<group>"; };
		42BBA8119BFB442150AC05DC /* Pods-flixsterUITests.debug.xcconfig */ = {isa = PBXFileReference; includeInIndex = 1; lastKnownFileType = text.xcconfig; name = "Pods-flixsterUITests.debug.xcconfig"; path = "Target Support Files/Pods-flixsterUITests/Pods-flixsterUITests.debug.xcconfig"; sourceTree = "<group>"; };
		4FAD85A5707ABE3256EF689D /* Pods-flixsterUITests.release.xcconfig */ = {isa = PBXFileReference; includeInIndex = 1; lastKnownFileType = text.xcconfig; name = "Pods-flixsterUITests.release.xcconfig"; path = "Target Support Files/Pods-flixsterUITests/Pods-flixsterUITests.release.xcconfig"; sourceTree = "<group>"; };
		58F318C7251B1E4D00A05FB1 /* flixster.app */ = {isa = PBXFileReference; explicitFileType = wrapper.application; includeInIndex = 0; path = flixster.app; sourceTree = BUILT_PRODUCTS_DIR; };
		58F318CA251B1E4D00A05FB1 /* AppDelegate.swift */ = {isa = PBXFileReference; lastKnownFileType = sourcecode.swift; path = AppDelegate.swift; sourceTree = "<group>"; };
		58F318CC251B1E4D00A05FB1 /* SceneDelegate.swift */ = {isa = PBXFileReference; lastKnownFileType = sourcecode.swift; path = SceneDelegate.swift; sourceTree = "<group>"; };
		58F318D1251B1E4D00A05FB1 /* Base */ = {isa = PBXFileReference; lastKnownFileType = file.storyboard; name = Base; path = Base.lproj/Main.storyboard; sourceTree = "<group>"; };
		58F318D3251B1E4F00A05FB1 /* Assets.xcassets */ = {isa = PBXFileReference; lastKnownFileType = folder.assetcatalog; path = Assets.xcassets; sourceTree = "<group>"; };
		58F318D6251B1E4F00A05FB1 /* Base */ = {isa = PBXFileReference; lastKnownFileType = file.storyboard; name = Base; path = Base.lproj/LaunchScreen.storyboard; sourceTree = "<group>"; };
		58F318D8251B1E4F00A05FB1 /* Info.plist */ = {isa = PBXFileReference; lastKnownFileType = text.plist.xml; path = Info.plist; sourceTree = "<group>"; };
		58F318DD251B1E4F00A05FB1 /* flixsterTests.xctest */ = {isa = PBXFileReference; explicitFileType = wrapper.cfbundle; includeInIndex = 0; path = flixsterTests.xctest; sourceTree = BUILT_PRODUCTS_DIR; };
		58F318E1251B1E4F00A05FB1 /* flixsterTests.swift */ = {isa = PBXFileReference; lastKnownFileType = sourcecode.swift; path = flixsterTests.swift; sourceTree = "<group>"; };
		58F318E3251B1E4F00A05FB1 /* Info.plist */ = {isa = PBXFileReference; lastKnownFileType = text.plist.xml; path = Info.plist; sourceTree = "<group>"; };
		58F318E8251B1E4F00A05FB1 /* flixsterUITests.xctest */ = {isa = PBXFileReference; explicitFileType = wrapper.cfbundle; includeInIndex = 0; path = flixsterUITests.xctest; sourceTree = BUILT_PRODUCTS_DIR; };
		58F318EC251B1E4F00A05FB1 /* flixsterUITests.swift */ = {isa = PBXFileReference; lastKnownFileType = sourcecode.swift; path = flixsterUITests.swift; sourceTree = "<group>"; };
		58F318EE251B1E4F00A05FB1 /* Info.plist */ = {isa = PBXFileReference; lastKnownFileType = text.plist.xml; path = Info.plist; sourceTree = "<group>"; };
		58F318FA251B20EC00A05FB1 /* MovieViewController.swift */ = {isa = PBXFileReference; lastKnownFileType = sourcecode.swift; path = MovieViewController.swift; sourceTree = "<group>"; };
		58F318FC251B33A700A05FB1 /* MovieCell.swift */ = {isa = PBXFileReference; lastKnownFileType = sourcecode.swift; path = MovieCell.swift; sourceTree = "<group>"; };
		C622D3D8983851DCD59B91B7 /* libPods-flixsterUITests.a */ = {isa = PBXFileReference; explicitFileType = archive.ar; includeInIndex = 0; path = "libPods-flixsterUITests.a"; sourceTree = BUILT_PRODUCTS_DIR; };
		CB7E716C94242E5F5C27362F /* Pods-flixster.debug.xcconfig */ = {isa = PBXFileReference; includeInIndex = 1; lastKnownFileType = text.xcconfig; name = "Pods-flixster.debug.xcconfig"; path = "Target Support Files/Pods-flixster/Pods-flixster.debug.xcconfig"; sourceTree = "<group>"; };
		D9A961E344174DAD5FE6A8C3 /* Pods-flixsterTests.release.xcconfig */ = {isa = PBXFileReference; includeInIndex = 1; lastKnownFileType = text.xcconfig; name = "Pods-flixsterTests.release.xcconfig"; path = "Target Support Files/Pods-flixsterTests/Pods-flixsterTests.release.xcconfig"; sourceTree = "<group>"; };
		DCEA0DBE7BD776C0738E08A7 /* Pods-flixster-flixsterUITests.release.xcconfig */ = {isa = PBXFileReference; includeInIndex = 1; lastKnownFileType = text.xcconfig; name = "Pods-flixster-flixsterUITests.release.xcconfig"; path = "Target Support Files/Pods-flixster-flixsterUITests/Pods-flixster-flixsterUITests.release.xcconfig"; sourceTree = "<group>"; };
		E7082268BB9F43767B895610 /* Pods_flixster.framework */ = {isa = PBXFileReference; explicitFileType = wrapper.framework; includeInIndex = 0; path = Pods_flixster.framework; sourceTree = BUILT_PRODUCTS_DIR; };
		F044DBC38B6BD3F62D37E474 /* Pods-flixster-flixsterUITests.debug.xcconfig */ = {isa = PBXFileReference; includeInIndex = 1; lastKnownFileType = text.xcconfig; name = "Pods-flixster-flixsterUITests.debug.xcconfig"; path = "Target Support Files/Pods-flixster-flixsterUITests/Pods-flixster-flixsterUITests.debug.xcconfig"; sourceTree = "<group>"; };
		F06632C765FB8FCE5B35DA17 /* Pods-flixsterTests.debug.xcconfig */ = {isa = PBXFileReference; includeInIndex = 1; lastKnownFileType = text.xcconfig; name = "Pods-flixsterTests.debug.xcconfig"; path = "Target Support Files/Pods-flixsterTests/Pods-flixsterTests.debug.xcconfig"; sourceTree = "<group>"; };
/* End PBXFileReference section */

/* Begin PBXFrameworksBuildPhase section */
		58F318C4251B1E4D00A05FB1 /* Frameworks */ = {
			isa = PBXFrameworksBuildPhase;
			buildActionMask = 2147483647;
			files = (
				26570C0FE25FAB82166F31B5 /* Pods_flixster.framework in Frameworks */,
			);
			runOnlyForDeploymentPostprocessing = 0;
		};
		58F318DA251B1E4F00A05FB1 /* Frameworks */ = {
			isa = PBXFrameworksBuildPhase;
			buildActionMask = 2147483647;
			files = (
				78DCC74236A2707E11DB0089 /* libPods-flixsterTests.a in Frameworks */,
			);
			runOnlyForDeploymentPostprocessing = 0;
		};
		58F318E5251B1E4F00A05FB1 /* Frameworks */ = {
			isa = PBXFrameworksBuildPhase;
			buildActionMask = 2147483647;
			files = (
				3FC46E8E2B086C51684FCE65 /* libPods-flixsterUITests.a in Frameworks */,
			);
			runOnlyForDeploymentPostprocessing = 0;
		};
/* End PBXFrameworksBuildPhase section */

/* Begin PBXGroup section */
		1619534D5DDE00CB341F291F /* Frameworks */ = {
			isa = PBXGroup;
			children = (
				E7082268BB9F43767B895610 /* Pods_flixster.framework */,
				C622D3D8983851DCD59B91B7 /* libPods-flixsterUITests.a */,
				0FB872176C0E0AB3757F184D /* libPods-flixsterTests.a */,
			);
			name = Frameworks;
			sourceTree = "<group>";
		};
		20425AC6FB5939E0FADDE537 /* Pods */ = {
			isa = PBXGroup;
			children = (
				CB7E716C94242E5F5C27362F /* Pods-flixster.debug.xcconfig */,
				189CF0EBD77641F8357AA134 /* Pods-flixster.release.xcconfig */,
				F044DBC38B6BD3F62D37E474 /* Pods-flixster-flixsterUITests.debug.xcconfig */,
				DCEA0DBE7BD776C0738E08A7 /* Pods-flixster-flixsterUITests.release.xcconfig */,
				F06632C765FB8FCE5B35DA17 /* Pods-flixsterTests.debug.xcconfig */,
				D9A961E344174DAD5FE6A8C3 /* Pods-flixsterTests.release.xcconfig */,
				42BBA8119BFB442150AC05DC /* Pods-flixsterUITests.debug.xcconfig */,
				4FAD85A5707ABE3256EF689D /* Pods-flixsterUITests.release.xcconfig */,
			);
			name = Pods;
			path = Pods;
			sourceTree = "<group>";
		};
		58F318BE251B1E4D00A05FB1 = {
			isa = PBXGroup;
			children = (
				58F318C9251B1E4D00A05FB1 /* flixster */,
				58F318E0251B1E4F00A05FB1 /* flixsterTests */,
				58F318EB251B1E4F00A05FB1 /* flixsterUITests */,
				58F318C8251B1E4D00A05FB1 /* Products */,
				20425AC6FB5939E0FADDE537 /* Pods */,
				1619534D5DDE00CB341F291F /* Frameworks */,
			);
			sourceTree = "<group>";
		};
		58F318C8251B1E4D00A05FB1 /* Products */ = {
			isa = PBXGroup;
			children = (
				58F318C7251B1E4D00A05FB1 /* flixster.app */,
				58F318DD251B1E4F00A05FB1 /* flixsterTests.xctest */,
				58F318E8251B1E4F00A05FB1 /* flixsterUITests.xctest */,
			);
			name = Products;
			sourceTree = "<group>";
		};
		58F318C9251B1E4D00A05FB1 /* flixster */ = {
			isa = PBXGroup;
			children = (
				58F318CA251B1E4D00A05FB1 /* AppDelegate.swift */,
				58F318CC251B1E4D00A05FB1 /* SceneDelegate.swift */,
				58F318D0251B1E4D00A05FB1 /* Main.storyboard */,
				58F318FC251B33A700A05FB1 /* MovieCell.swift */,
				58F318D3251B1E4F00A05FB1 /* Assets.xcassets */,
				58F318D5251B1E4F00A05FB1 /* LaunchScreen.storyboard */,
				58F318D8251B1E4F00A05FB1 /* Info.plist */,
				58F318FA251B20EC00A05FB1 /* MovieViewController.swift */,
			);
			path = flixster;
			sourceTree = "<group>";
		};
		58F318E0251B1E4F00A05FB1 /* flixsterTests */ = {
			isa = PBXGroup;
			children = (
				58F318E1251B1E4F00A05FB1 /* flixsterTests.swift */,
				58F318E3251B1E4F00A05FB1 /* Info.plist */,
			);
			path = flixsterTests;
			sourceTree = "<group>";
		};
		58F318EB251B1E4F00A05FB1 /* flixsterUITests */ = {
			isa = PBXGroup;
			children = (
				58F318EC251B1E4F00A05FB1 /* flixsterUITests.swift */,
				58F318EE251B1E4F00A05FB1 /* Info.plist */,
			);
			path = flixsterUITests;
			sourceTree = "<group>";
		};
/* End PBXGroup section */

/* Begin PBXNativeTarget section */
		58F318C6251B1E4D00A05FB1 /* flixster */ = {
			isa = PBXNativeTarget;
			buildConfigurationList = 58F318F1251B1E4F00A05FB1 /* Build configuration list for PBXNativeTarget "flixster" */;
			buildPhases = (
				9266AB28F43C54813DA7957A /* [CP] Check Pods Manifest.lock */,
				58F318C3251B1E4D00A05FB1 /* Sources */,
				58F318C4251B1E4D00A05FB1 /* Frameworks */,
				58F318C5251B1E4D00A05FB1 /* Resources */,
				58856D2D72EA5888CE2327C3 /* [CP] Embed Pods Frameworks */,
			);
			buildRules = (
			);
			dependencies = (
			);
			name = flixster;
			productName = flixster;
			productReference = 58F318C7251B1E4D00A05FB1 /* flixster.app */;
			productType = "com.apple.product-type.application";
		};
		58F318DC251B1E4F00A05FB1 /* flixsterTests */ = {
			isa = PBXNativeTarget;
			buildConfigurationList = 58F318F4251B1E4F00A05FB1 /* Build configuration list for PBXNativeTarget "flixsterTests" */;
			buildPhases = (
				D310C2BD417F6BACEF53B73B /* [CP] Check Pods Manifest.lock */,
				58F318D9251B1E4F00A05FB1 /* Sources */,
				58F318DA251B1E4F00A05FB1 /* Frameworks */,
				58F318DB251B1E4F00A05FB1 /* Resources */,
			);
			buildRules = (
			);
			dependencies = (
				58F318DF251B1E4F00A05FB1 /* PBXTargetDependency */,
			);
			name = flixsterTests;
			productName = flixsterTests;
			productReference = 58F318DD251B1E4F00A05FB1 /* flixsterTests.xctest */;
			productType = "com.apple.product-type.bundle.unit-test";
		};
		58F318E7251B1E4F00A05FB1 /* flixsterUITests */ = {
			isa = PBXNativeTarget;
			buildConfigurationList = 58F318F7251B1E4F00A05FB1 /* Build configuration list for PBXNativeTarget "flixsterUITests" */;
			buildPhases = (
				4F2261B0CAF5A75F21964881 /* [CP] Check Pods Manifest.lock */,
				58F318E4251B1E4F00A05FB1 /* Sources */,
				58F318E5251B1E4F00A05FB1 /* Frameworks */,
				58F318E6251B1E4F00A05FB1 /* Resources */,
			);
			buildRules = (
			);
			dependencies = (
				58F318EA251B1E4F00A05FB1 /* PBXTargetDependency */,
			);
			name = flixsterUITests;
			productName = flixsterUITests;
			productReference = 58F318E8251B1E4F00A05FB1 /* flixsterUITests.xctest */;
			productType = "com.apple.product-type.bundle.ui-testing";
		};
/* End PBXNativeTarget section */

/* Begin PBXProject section */
		58F318BF251B1E4D00A05FB1 /* Project object */ = {
			isa = PBXProject;
			attributes = {
				LastSwiftUpdateCheck = 1170;
				LastUpgradeCheck = 1170;
				ORGANIZATIONNAME = NatalieM;
				TargetAttributes = {
					58F318C6251B1E4D00A05FB1 = {
						CreatedOnToolsVersion = 11.7;
					};
					58F318DC251B1E4F00A05FB1 = {
						CreatedOnToolsVersion = 11.7;
						TestTargetID = 58F318C6251B1E4D00A05FB1;
					};
					58F318E7251B1E4F00A05FB1 = {
						CreatedOnToolsVersion = 11.7;
						TestTargetID = 58F318C6251B1E4D00A05FB1;
					};
				};
			};
			buildConfigurationList = 58F318C2251B1E4D00A05FB1 /* Build configuration list for PBXProject "flixster" */;
			compatibilityVersion = "Xcode 9.3";
			developmentRegion = en;
			hasScannedForEncodings = 0;
			knownRegions = (
				en,
				Base,
			);
			mainGroup = 58F318BE251B1E4D00A05FB1;
			productRefGroup = 58F318C8251B1E4D00A05FB1 /* Products */;
			projectDirPath = "";
			projectRoot = "";
			targets = (
				58F318C6251B1E4D00A05FB1 /* flixster */,
				58F318DC251B1E4F00A05FB1 /* flixsterTests */,
				58F318E7251B1E4F00A05FB1 /* flixsterUITests */,
			);
		};
/* End PBXProject section */

/* Begin PBXResourcesBuildPhase section */
		58F318C5251B1E4D00A05FB1 /* Resources */ = {
			isa = PBXResourcesBuildPhase;
			buildActionMask = 2147483647;
			files = (
				58F318D7251B1E4F00A05FB1 /* LaunchScreen.storyboard in Resources */,
				58F318D4251B1E4F00A05FB1 /* Assets.xcassets in Resources */,
				58F318D2251B1E4D00A05FB1 /* Main.storyboard in Resources */,
			);
			runOnlyForDeploymentPostprocessing = 0;
		};
		58F318DB251B1E4F00A05FB1 /* Resources */ = {
			isa = PBXResourcesBuildPhase;
			buildActionMask = 2147483647;
			files = (
			);
			runOnlyForDeploymentPostprocessing = 0;
		};
		58F318E6251B1E4F00A05FB1 /* Resources */ = {
			isa = PBXResourcesBuildPhase;
			buildActionMask = 2147483647;
			files = (
			);
			runOnlyForDeploymentPostprocessing = 0;
		};
/* End PBXResourcesBuildPhase section */

/* Begin PBXShellScriptBuildPhase section */
		4F2261B0CAF5A75F21964881 /* [CP] Check Pods Manifest.lock */ = {
			isa = PBXShellScriptBuildPhase;
			buildActionMask = 2147483647;
			files = (
			);
			inputFileListPaths = (
			);
			inputPaths = (
				"${PODS_PODFILE_DIR_PATH}/Podfile.lock",
				"${PODS_ROOT}/Manifest.lock",
			);
			name = "[CP] Check Pods Manifest.lock";
			outputFileListPaths = (
			);
			outputPaths = (
				"$(DERIVED_FILE_DIR)/Pods-flixsterUITests-checkManifestLockResult.txt",
			);
			runOnlyForDeploymentPostprocessing = 0;
			shellPath = /bin/sh;
			shellScript = "diff \"${PODS_PODFILE_DIR_PATH}/Podfile.lock\" \"${PODS_ROOT}/Manifest.lock\" > /dev/null\nif [ $? != 0 ] ; then\n    # print error to STDERR\n    echo \"error: The sandbox is not in sync with the Podfile.lock. Run 'pod install' or update your CocoaPods installation.\" >&2\n    exit 1\nfi\n# This output is used by Xcode 'outputs' to avoid re-running this script phase.\necho \"SUCCESS\" > \"${SCRIPT_OUTPUT_FILE_0}\"\n";
			showEnvVarsInLog = 0;
		};
		58856D2D72EA5888CE2327C3 /* [CP] Embed Pods Frameworks */ = {
			isa = PBXShellScriptBuildPhase;
			buildActionMask = 2147483647;
			files = (
			);
			inputFileListPaths = (
				"${PODS_ROOT}/Target Support Files/Pods-flixster/Pods-flixster-frameworks-${CONFIGURATION}-input-files.xcfilelist",
			);
			name = "[CP] Embed Pods Frameworks";
			outputFileListPaths = (
				"${PODS_ROOT}/Target Support Files/Pods-flixster/Pods-flixster-frameworks-${CONFIGURATION}-output-files.xcfilelist",
			);
			runOnlyForDeploymentPostprocessing = 0;
			shellPath = /bin/sh;
			shellScript = "\"${PODS_ROOT}/Target Support Files/Pods-flixster/Pods-flixster-frameworks.sh\"\n";
			showEnvVarsInLog = 0;
		};
		9266AB28F43C54813DA7957A /* [CP] Check Pods Manifest.lock */ = {
			isa = PBXShellScriptBuildPhase;
			buildActionMask = 2147483647;
			files = (
			);
			inputFileListPaths = (
			);
			inputPaths = (
				"${PODS_PODFILE_DIR_PATH}/Podfile.lock",
				"${PODS_ROOT}/Manifest.lock",
			);
			name = "[CP] Check Pods Manifest.lock";
			outputFileListPaths = (
			);
			outputPaths = (
				"$(DERIVED_FILE_DIR)/Pods-flixster-checkManifestLockResult.txt",
			);
			runOnlyForDeploymentPostprocessing = 0;
			shellPath = /bin/sh;
			shellScript = "diff \"${PODS_PODFILE_DIR_PATH}/Podfile.lock\" \"${PODS_ROOT}/Manifest.lock\" > /dev/null\nif [ $? != 0 ] ; then\n    # print error to STDERR\n    echo \"error: The sandbox is not in sync with the Podfile.lock. Run 'pod install' or update your CocoaPods installation.\" >&2\n    exit 1\nfi\n# This output is used by Xcode 'outputs' to avoid re-running this script phase.\necho \"SUCCESS\" > \"${SCRIPT_OUTPUT_FILE_0}\"\n";
			showEnvVarsInLog = 0;
		};
		D310C2BD417F6BACEF53B73B /* [CP] Check Pods Manifest.lock */ = {
			isa = PBXShellScriptBuildPhase;
			buildActionMask = 2147483647;
			files = (
			);
			inputFileListPaths = (
			);
			inputPaths = (
				"${PODS_PODFILE_DIR_PATH}/Podfile.lock",
				"${PODS_ROOT}/Manifest.lock",
			);
			name = "[CP] Check Pods Manifest.lock";
			outputFileListPaths = (
			);
			outputPaths = (
				"$(DERIVED_FILE_DIR)/Pods-flixsterTests-checkManifestLockResult.txt",
			);
			runOnlyForDeploymentPostprocessing = 0;
			shellPath = /bin/sh;
			shellScript = "diff \"${PODS_PODFILE_DIR_PATH}/Podfile.lock\" \"${PODS_ROOT}/Manifest.lock\" > /dev/null\nif [ $? != 0 ] ; then\n    # print error to STDERR\n    echo \"error: The sandbox is not in sync with the Podfile.lock. Run 'pod install' or update your CocoaPods installation.\" >&2\n    exit 1\nfi\n# This output is used by Xcode 'outputs' to avoid re-running this script phase.\necho \"SUCCESS\" > \"${SCRIPT_OUTPUT_FILE_0}\"\n";
			showEnvVarsInLog = 0;
		};
/* End PBXShellScriptBuildPhase section */

/* Begin PBXSourcesBuildPhase section */
		58F318C3251B1E4D00A05FB1 /* Sources */ = {
			isa = PBXSourcesBuildPhase;
			buildActionMask = 2147483647;
			files = (
				58F318CB251B1E4D00A05FB1 /* AppDelegate.swift in Sources */,
				58F318CD251B1E4D00A05FB1 /* SceneDelegate.swift in Sources */,
				58F318FD251B33A700A05FB1 /* MovieCell.swift in Sources */,
				58F318FB251B20EC00A05FB1 /* MovieViewController.swift in Sources */,
			);
			runOnlyForDeploymentPostprocessing = 0;
		};
		58F318D9251B1E4F00A05FB1 /* Sources */ = {
			isa = PBXSourcesBuildPhase;
			buildActionMask = 2147483647;
			files = (
				58F318E2251B1E4F00A05FB1 /* flixsterTests.swift in Sources */,
			);
			runOnlyForDeploymentPostprocessing = 0;
		};
		58F318E4251B1E4F00A05FB1 /* Sources */ = {
			isa = PBXSourcesBuildPhase;
			buildActionMask = 2147483647;
			files = (
				58F318ED251B1E4F00A05FB1 /* flixsterUITests.swift in Sources */,
			);
			runOnlyForDeploymentPostprocessing = 0;
		};
/* End PBXSourcesBuildPhase section */

/* Begin PBXTargetDependency section */
		58F318DF251B1E4F00A05FB1 /* PBXTargetDependency */ = {
			isa = PBXTargetDependency;
			target = 58F318C6251B1E4D00A05FB1 /* flixster */;
			targetProxy = 58F318DE251B1E4F00A05FB1 /* PBXContainerItemProxy */;
		};
		58F318EA251B1E4F00A05FB1 /* PBXTargetDependency */ = {
			isa = PBXTargetDependency;
			target = 58F318C6251B1E4D00A05FB1 /* flixster */;
			targetProxy = 58F318E9251B1E4F00A05FB1 /* PBXContainerItemProxy */;
		};
/* End PBXTargetDependency section */

/* Begin PBXVariantGroup section */
		58F318D0251B1E4D00A05FB1 /* Main.storyboard */ = {
			isa = PBXVariantGroup;
			children = (
				58F318D1251B1E4D00A05FB1 /* Base */,
			);
			name = Main.storyboard;
			sourceTree = "<group>";
		};
		58F318D5251B1E4F00A05FB1 /* LaunchScreen.storyboard */ = {
			isa = PBXVariantGroup;
			children = (
				58F318D6251B1E4F00A05FB1 /* Base */,
			);
			name = LaunchScreen.storyboard;
			sourceTree = "<group>";
		};
/* End PBXVariantGroup section */

/* Begin XCBuildConfiguration section */
		58F318EF251B1E4F00A05FB1 /* Debug */ = {
			isa = XCBuildConfiguration;
			buildSettings = {
				ALWAYS_SEARCH_USER_PATHS = NO;
				CLANG_ANALYZER_NONNULL = YES;
				CLANG_ANALYZER_NUMBER_OBJECT_CONVERSION = YES_AGGRESSIVE;
				CLANG_CXX_LANGUAGE_STANDARD = "gnu++14";
				CLANG_CXX_LIBRARY = "libc++";
				CLANG_ENABLE_MODULES = YES;
				CLANG_ENABLE_OBJC_ARC = YES;
				CLANG_ENABLE_OBJC_WEAK = YES;
				CLANG_WARN_BLOCK_CAPTURE_AUTORELEASING = YES;
				CLANG_WARN_BOOL_CONVERSION = YES;
				CLANG_WARN_COMMA = YES;
				CLANG_WARN_CONSTANT_CONVERSION = YES;
				CLANG_WARN_DEPRECATED_OBJC_IMPLEMENTATIONS = YES;
				CLANG_WARN_DIRECT_OBJC_ISA_USAGE = YES_ERROR;
				CLANG_WARN_DOCUMENTATION_COMMENTS = YES;
				CLANG_WARN_EMPTY_BODY = YES;
				CLANG_WARN_ENUM_CONVERSION = YES;
				CLANG_WARN_INFINITE_RECURSION = YES;
				CLANG_WARN_INT_CONVERSION = YES;
				CLANG_WARN_NON_LITERAL_NULL_CONVERSION = YES;
				CLANG_WARN_OBJC_IMPLICIT_RETAIN_SELF = YES;
				CLANG_WARN_OBJC_LITERAL_CONVERSION = YES;
				CLANG_WARN_OBJC_ROOT_CLASS = YES_ERROR;
				CLANG_WARN_RANGE_LOOP_ANALYSIS = YES;
				CLANG_WARN_STRICT_PROTOTYPES = YES;
				CLANG_WARN_SUSPICIOUS_MOVE = YES;
				CLANG_WARN_UNGUARDED_AVAILABILITY = YES_AGGRESSIVE;
				CLANG_WARN_UNREACHABLE_CODE = YES;
				CLANG_WARN__DUPLICATE_METHOD_MATCH = YES;
				COPY_PHASE_STRIP = NO;
				DEBUG_INFORMATION_FORMAT = dwarf;
				ENABLE_STRICT_OBJC_MSGSEND = YES;
				ENABLE_TESTABILITY = YES;
				GCC_C_LANGUAGE_STANDARD = gnu11;
				GCC_DYNAMIC_NO_PIC = NO;
				GCC_NO_COMMON_BLOCKS = YES;
				GCC_OPTIMIZATION_LEVEL = 0;
				GCC_PREPROCESSOR_DEFINITIONS = (
					"DEBUG=1",
					"$(inherited)",
				);
				GCC_WARN_64_TO_32_BIT_CONVERSION = YES;
				GCC_WARN_ABOUT_RETURN_TYPE = YES_ERROR;
				GCC_WARN_UNDECLARED_SELECTOR = YES;
				GCC_WARN_UNINITIALIZED_AUTOS = YES_AGGRESSIVE;
				GCC_WARN_UNUSED_FUNCTION = YES;
				GCC_WARN_UNUSED_VARIABLE = YES;
				IPHONEOS_DEPLOYMENT_TARGET = 13.7;
				MTL_ENABLE_DEBUG_INFO = INCLUDE_SOURCE;
				MTL_FAST_MATH = YES;
				ONLY_ACTIVE_ARCH = YES;
				SDKROOT = iphoneos;
				SWIFT_ACTIVE_COMPILATION_CONDITIONS = DEBUG;
				SWIFT_OPTIMIZATION_LEVEL = "-Onone";
			};
			name = Debug;
		};
		58F318F0251B1E4F00A05FB1 /* Release */ = {
			isa = XCBuildConfiguration;
			buildSettings = {
				ALWAYS_SEARCH_USER_PATHS = NO;
				CLANG_ANALYZER_NONNULL = YES;
				CLANG_ANALYZER_NUMBER_OBJECT_CONVERSION = YES_AGGRESSIVE;
				CLANG_CXX_LANGUAGE_STANDARD = "gnu++14";
				CLANG_CXX_LIBRARY = "libc++";
				CLANG_ENABLE_MODULES = YES;
				CLANG_ENABLE_OBJC_ARC = YES;
				CLANG_ENABLE_OBJC_WEAK = YES;
				CLANG_WARN_BLOCK_CAPTURE_AUTORELEASING = YES;
				CLANG_WARN_BOOL_CONVERSION = YES;
				CLANG_WARN_COMMA = YES;
				CLANG_WARN_CONSTANT_CONVERSION = YES;
				CLANG_WARN_DEPRECATED_OBJC_IMPLEMENTATIONS = YES;
				CLANG_WARN_DIRECT_OBJC_ISA_USAGE = YES_ERROR;
				CLANG_WARN_DOCUMENTATION_COMMENTS = YES;
				CLANG_WARN_EMPTY_BODY = YES;
				CLANG_WARN_ENUM_CONVERSION = YES;
				CLANG_WARN_INFINITE_RECURSION = YES;
				CLANG_WARN_INT_CONVERSION = YES;
				CLANG_WARN_NON_LITERAL_NULL_CONVERSION = YES;
				CLANG_WARN_OBJC_IMPLICIT_RETAIN_SELF = YES;
				CLANG_WARN_OBJC_LITERAL_CONVERSION = YES;
				CLANG_WARN_OBJC_ROOT_CLASS = YES_ERROR;
				CLANG_WARN_RANGE_LOOP_ANALYSIS = YES;
				CLANG_WARN_STRICT_PROTOTYPES = YES;
				CLANG_WARN_SUSPICIOUS_MOVE = YES;
				CLANG_WARN_UNGUARDED_AVAILABILITY = YES_AGGRESSIVE;
				CLANG_WARN_UNREACHABLE_CODE = YES;
				CLANG_WARN__DUPLICATE_METHOD_MATCH = YES;
				COPY_PHASE_STRIP = NO;
				DEBUG_INFORMATION_FORMAT = "dwarf-with-dsym";
				ENABLE_NS_ASSERTIONS = NO;
				ENABLE_STRICT_OBJC_MSGSEND = YES;
				GCC_C_LANGUAGE_STANDARD = gnu11;
				GCC_NO_COMMON_BLOCKS = YES;
				GCC_WARN_64_TO_32_BIT_CONVERSION = YES;
				GCC_WARN_ABOUT_RETURN_TYPE = YES_ERROR;
				GCC_WARN_UNDECLARED_SELECTOR = YES;
				GCC_WARN_UNINITIALIZED_AUTOS = YES_AGGRESSIVE;
				GCC_WARN_UNUSED_FUNCTION = YES;
				GCC_WARN_UNUSED_VARIABLE = YES;
				IPHONEOS_DEPLOYMENT_TARGET = 13.7;
				MTL_ENABLE_DEBUG_INFO = NO;
				MTL_FAST_MATH = YES;
				SDKROOT = iphoneos;
				SWIFT_COMPILATION_MODE = wholemodule;
				SWIFT_OPTIMIZATION_LEVEL = "-O";
				VALIDATE_PRODUCT = YES;
			};
			name = Release;
		};
		58F318F2251B1E4F00A05FB1 /* Debug */ = {
			isa = XCBuildConfiguration;
			baseConfigurationReference = CB7E716C94242E5F5C27362F /* Pods-flixster.debug.xcconfig */;
			buildSettings = {
				ASSETCATALOG_COMPILER_APPICON_NAME = AppIcon;
				CODE_SIGN_STYLE = Automatic;
				DEVELOPMENT_TEAM = W2MT6XAHPF;
				INFOPLIST_FILE = flixster/Info.plist;
				LD_RUNPATH_SEARCH_PATHS = (
					"$(inherited)",
					"@executable_path/Frameworks",
				);
				PRODUCT_BUNDLE_IDENTIFIER = Codepath.flixster;
				PRODUCT_NAME = "$(TARGET_NAME)";
				SWIFT_VERSION = 5.0;
				TARGETED_DEVICE_FAMILY = "1,2";
			};
			name = Debug;
		};
		58F318F3251B1E4F00A05FB1 /* Release */ = {
			isa = XCBuildConfiguration;
			baseConfigurationReference = 189CF0EBD77641F8357AA134 /* Pods-flixster.release.xcconfig */;
			buildSettings = {
				ASSETCATALOG_COMPILER_APPICON_NAME = AppIcon;
				CODE_SIGN_STYLE = Automatic;
				DEVELOPMENT_TEAM = W2MT6XAHPF;
				INFOPLIST_FILE = flixster/Info.plist;
				LD_RUNPATH_SEARCH_PATHS = (
					"$(inherited)",
					"@executable_path/Frameworks",
				);
				PRODUCT_BUNDLE_IDENTIFIER = Codepath.flixster;
				PRODUCT_NAME = "$(TARGET_NAME)";
				SWIFT_VERSION = 5.0;
				TARGETED_DEVICE_FAMILY = "1,2";
			};
			name = Release;
		};
		58F318F5251B1E4F00A05FB1 /* Debug */ = {
			isa = XCBuildConfiguration;
			baseConfigurationReference = F06632C765FB8FCE5B35DA17 /* Pods-flixsterTests.debug.xcconfig */;
			buildSettings = {
				ALWAYS_EMBED_SWIFT_STANDARD_LIBRARIES = YES;
				BUNDLE_LOADER = "$(TEST_HOST)";
				CODE_SIGN_STYLE = Automatic;
				DEVELOPMENT_TEAM = W2MT6XAHPF;
				INFOPLIST_FILE = flixsterTests/Info.plist;
				IPHONEOS_DEPLOYMENT_TARGET = 13.7;
				LD_RUNPATH_SEARCH_PATHS = (
					"$(inherited)",
					"@executable_path/Frameworks",
					"@loader_path/Frameworks",
				);
				PRODUCT_BUNDLE_IDENTIFIER = Codepath.flixsterTests;
				PRODUCT_NAME = "$(TARGET_NAME)";
				SWIFT_VERSION = 5.0;
				TARGETED_DEVICE_FAMILY = "1,2";
				TEST_HOST = "$(BUILT_PRODUCTS_DIR)/flixster.app/flixster";
			};
			name = Debug;
		};
		58F318F6251B1E4F00A05FB1 /* Release */ = {
			isa = XCBuildConfiguration;
			baseConfigurationReference = D9A961E344174DAD5FE6A8C3 /* Pods-flixsterTests.release.xcconfig */;
			buildSettings = {
				ALWAYS_EMBED_SWIFT_STANDARD_LIBRARIES = YES;
				BUNDLE_LOADER = "$(TEST_HOST)";
				CODE_SIGN_STYLE = Automatic;
				DEVELOPMENT_TEAM = W2MT6XAHPF;
				INFOPLIST_FILE = flixsterTests/Info.plist;
				IPHONEOS_DEPLOYMENT_TARGET = 13.7;
				LD_RUNPATH_SEARCH_PATHS = (
					"$(inherited)",
					"@executable_path/Frameworks",
					"@loader_path/Frameworks",
				);
				PRODUCT_BUNDLE_IDENTIFIER = Codepath.flixsterTests;
				PRODUCT_NAME = "$(TARGET_NAME)";
				SWIFT_VERSION = 5.0;
				TARGETED_DEVICE_FAMILY = "1,2";
				TEST_HOST = "$(BUILT_PRODUCTS_DIR)/flixster.app/flixster";
			};
			name = Release;
		};
		58F318F8251B1E4F00A05FB1 /* Debug */ = {
			isa = XCBuildConfiguration;
			baseConfigurationReference = 42BBA8119BFB442150AC05DC /* Pods-flixsterUITests.debug.xcconfig */;
			buildSettings = {
				ALWAYS_EMBED_SWIFT_STANDARD_LIBRARIES = YES;
				CODE_SIGN_STYLE = Automatic;
				DEVELOPMENT_TEAM = W2MT6XAHPF;
				INFOPLIST_FILE = flixsterUITests/Info.plist;
				LD_RUNPATH_SEARCH_PATHS = (
					"$(inherited)",
					"@executable_path/Frameworks",
					"@loader_path/Frameworks",
				);
				PRODUCT_BUNDLE_IDENTIFIER = Codepath.flixsterUITests;
				PRODUCT_NAME = "$(TARGET_NAME)";
				SWIFT_VERSION = 5.0;
				TARGETED_DEVICE_FAMILY = "1,2";
				TEST_TARGET_NAME = flixster;
			};
			name = Debug;
		};
		58F318F9251B1E4F00A05FB1 /* Release */ = {
			isa = XCBuildConfiguration;
			baseConfigurationReference = 4FAD85A5707ABE3256EF689D /* Pods-flixsterUITests.release.xcconfig */;
			buildSettings = {
				ALWAYS_EMBED_SWIFT_STANDARD_LIBRARIES = YES;
				CODE_SIGN_STYLE = Automatic;
				DEVELOPMENT_TEAM = W2MT6XAHPF;
				INFOPLIST_FILE = flixsterUITests/Info.plist;
				LD_RUNPATH_SEARCH_PATHS = (
					"$(inherited)",
					"@executable_path/Frameworks",
					"@loader_path/Frameworks",
				);
				PRODUCT_BUNDLE_IDENTIFIER = Codepath.flixsterUITests;
				PRODUCT_NAME = "$(TARGET_NAME)";
				SWIFT_VERSION = 5.0;
				TARGETED_DEVICE_FAMILY = "1,2";
				TEST_TARGET_NAME = flixster;
			};
			name = Release;
		};
/* End XCBuildConfiguration section */

/* Begin XCConfigurationList section */
		58F318C2251B1E4D00A05FB1 /* Build configuration list for PBXProject "flixster" */ = {
			isa = XCConfigurationList;
			buildConfigurations = (
				58F318EF251B1E4F00A05FB1 /* Debug */,
				58F318F0251B1E4F00A05FB1 /* Release */,
			);
			defaultConfigurationIsVisible = 0;
			defaultConfigurationName = Release;
		};
		58F318F1251B1E4F00A05FB1 /* Build configuration list for PBXNativeTarget "flixster" */ = {
			isa = XCConfigurationList;
			buildConfigurations = (
				58F318F2251B1E4F00A05FB1 /* Debug */,
				58F318F3251B1E4F00A05FB1 /* Release */,
			);
			defaultConfigurationIsVisible = 0;
			defaultConfigurationName = Release;
		};
		58F318F4251B1E4F00A05FB1 /* Build configuration list for PBXNativeTarget "flixsterTests" */ = {
			isa = XCConfigurationList;
			buildConfigurations = (
				58F318F5251B1E4F00A05FB1 /* Debug */,
				58F318F6251B1E4F00A05FB1 /* Release */,
			);
			defaultConfigurationIsVisible = 0;
			defaultConfigurationName = Release;
		};
		58F318F7251B1E4F00A05FB1 /* Build configuration list for PBXNativeTarget "flixsterUITests" */ = {
			isa = XCConfigurationList;
			buildConfigurations = (
				58F318F8251B1E4F00A05FB1 /* Debug */,
				58F318F9251B1E4F00A05FB1 /* Release */,
			);
			defaultConfigurationIsVisible = 0;
			defaultConfigurationName = Release;
		};
/* End XCConfigurationList section */
	};
	rootObject = 58F318BF251B1E4D00A05FB1 /* Project object */;
}
